
Microsoft Visual Studio Solution File, Format Version 12.00
# Visual Studio Version 17
VisualStudioVersion = 17.3.32922.545
MinimumVisualStudioVersion = 10.0.40219.1
Project("{FAE04EC0-301F-11D3-BF4B-00C04F79EFBC}") = "CopyTheWorld.Functions", "CopyTheWorld.Functions\CopyTheWorld.Functions.csproj", "{F3E9F97C-6F7A-4992-A49D-8183A262FA20}"
EndProject
Project("{FAE04EC0-301F-11D3-BF4B-00C04F79EFBC}") = "CopyTheWorld.Simulations", "CopyTheWorld.Simulations\CopyTheWorld.Simulations.csproj", "{7FE2E112-E4C8-4FDF-A4CA-AF651A4E4794}"
EndProject
Project("{FAE04EC0-301F-11D3-BF4B-00C04F79EFBC}") = "CopyTheWorld.ApiData", "CopyTheWorld.ApiData\CopyTheWorld.ApiData.csproj", "{FBD885A2-1FD5-4358-8CCB-2F67D5828D24}"
EndProject
Global
	GlobalSection(SolutionConfigurationPlatforms) = preSolution
		Debug|Any CPU = Debug|Any CPU
		Release|Any CPU = Release|Any CPU
	EndGlobalSection
	GlobalSection(ProjectConfigurationPlatforms) = postSolution
		{F3E9F97C-6F7A-4992-A49D-8183A262FA20}.Debug|Any CPU.ActiveCfg = Debug|Any CPU
		{F3E9F97C-6F7A-4992-A49D-8183A262FA20}.Debug|Any CPU.Build.0 = Debug|Any CPU
		{F3E9F97C-6F7A-4992-A49D-8183A262FA20}.Release|Any CPU.ActiveCfg = Release|Any CPU
		{F3E9F97C-6F7A-4992-A49D-8183A262FA20}.Release|Any CPU.Build.0 = Release|Any CPU
		{7FE2E112-E4C8-4FDF-A4CA-AF651A4E4794}.Debug|Any CPU.ActiveCfg = Debug|Any CPU
		{7FE2E112-E4C8-4FDF-A4CA-AF651A4E4794}.Debug|Any CPU.Build.0 = Debug|Any CPU
		{7FE2E112-E4C8-4FDF-A4CA-AF651A4E4794}.Release|Any CPU.ActiveCfg = Release|Any CPU
		{7FE2E112-E4C8-4FDF-A4CA-AF651A4E4794}.Release|Any CPU.Build.0 = Release|Any CPU
		{FBD885A2-1FD5-4358-8CCB-2F67D5828D24}.Debug|Any CPU.ActiveCfg = Debug|Any CPU
		{FBD885A2-1FD5-4358-8CCB-2F67D5828D24}.Debug|Any CPU.Build.0 = Debug|Any CPU
		{FBD885A2-1FD5-4358-8CCB-2F67D5828D24}.Release|Any CPU.ActiveCfg = Release|Any CPU
		{FBD885A2-1FD5-4358-8CCB-2F67D5828D24}.Release|Any CPU.Build.0 = Release|Any CPU
	EndGlobalSection
	GlobalSection(SolutionProperties) = preSolution
		HideSolutionNode = FALSE
	EndGlobalSection
	GlobalSection(ExtensibilityGlobals) = postSolution
		SolutionGuid = {C60DCD5C-2148-4FB5-A4A6-2C0AC1AC1CF0}
	EndGlobalSection
EndGlobal
